
Microsoft Visual Studio Solution File, Format Version 12.00
# Visual Studio Version 17
VisualStudioVersion = 17.2.32526.322
MinimumVisualStudioVersion = 10.0.40219.1
Project("{FAE04EC0-301F-11D3-BF4B-00C04F79EFBC}") = "InventorySystem.Contracts", "InventorySystem.Contracts\InventorySystem.Contracts.csproj", "{51B8C08E-B3B7-408C-9D8E-FC4BE98BCAAC}"
EndProject
Project("{FAE04EC0-301F-11D3-BF4B-00C04F79EFBC}") = "InventorySystem.Core", "InventorySystem.Core\InventorySystem.Core.csproj", "{98A32AB6-E645-4147-9E5C-70A4EFFD7171}"
EndProject
Project("{FAE04EC0-301F-11D3-BF4B-00C04F79EFBC}") = "InventorySystem.DataAccess", "InventorySystem.DataAccess\InventorySystem.DataAccess.csproj", "{B30088F3-8174-40C0-ABFD-70BB2D240EEB}"
EndProject
Project("{FAE04EC0-301F-11D3-BF4B-00C04F79EFBC}") = "InventorySystem.Entities", "InventorySystem.Entities\InventorySystem.Entities.csproj", "{9179F3E6-6C77-475F-91DA-B06E85E3650E}"
EndProject
Project("{FAE04EC0-301F-11D3-BF4B-00C04F79EFBC}") = "InventorySystem.Repositories", "InventorySystem.Repositories\InventorySystem.Repositories.csproj", "{63750220-453F-44BB-A3B2-43689405170F}"
EndProject
Project("{FAE04EC0-301F-11D3-BF4B-00C04F79EFBC}") = "InventorySystem.Services", "InventorySystem.Services\InventorySystem.Services.csproj", "{57C8EBB9-B351-4C56-89C8-C03F8577F7D0}"
EndProject
Global
	GlobalSection(SolutionConfigurationPlatforms) = preSolution
		Debug|Any CPU = Debug|Any CPU
		Release|Any CPU = Release|Any CPU
	EndGlobalSection
	GlobalSection(ProjectConfigurationPlatforms) = postSolution
		{51B8C08E-B3B7-408C-9D8E-FC4BE98BCAAC}.Debug|Any CPU.ActiveCfg = Debug|Any CPU
		{51B8C08E-B3B7-408C-9D8E-FC4BE98BCAAC}.Debug|Any CPU.Build.0 = Debug|Any CPU
		{51B8C08E-B3B7-408C-9D8E-FC4BE98BCAAC}.Release|Any CPU.ActiveCfg = Release|Any CPU
		{51B8C08E-B3B7-408C-9D8E-FC4BE98BCAAC}.Release|Any CPU.Build.0 = Release|Any CPU
		{98A32AB6-E645-4147-9E5C-70A4EFFD7171}.Debug|Any CPU.ActiveCfg = Debug|Any CPU
		{98A32AB6-E645-4147-9E5C-70A4EFFD7171}.Debug|Any CPU.Build.0 = Debug|Any CPU
		{98A32AB6-E645-4147-9E5C-70A4EFFD7171}.Release|Any CPU.ActiveCfg = Release|Any CPU
		{98A32AB6-E645-4147-9E5C-70A4EFFD7171}.Release|Any CPU.Build.0 = Release|Any CPU
		{B30088F3-8174-40C0-ABFD-70BB2D240EEB}.Debug|Any CPU.ActiveCfg = Debug|Any CPU
		{B30088F3-8174-40C0-ABFD-70BB2D240EEB}.Debug|Any CPU.Build.0 = Debug|Any CPU
		{B30088F3-8174-40C0-ABFD-70BB2D240EEB}.Release|Any CPU.ActiveCfg = Release|Any CPU
		{B30088F3-8174-40C0-ABFD-70BB2D240EEB}.Release|Any CPU.Build.0 = Release|Any CPU
		{9179F3E6-6C77-475F-91DA-B06E85E3650E}.Debug|Any CPU.ActiveCfg = Debug|Any CPU
		{9179F3E6-6C77-475F-91DA-B06E85E3650E}.Debug|Any CPU.Build.0 = Debug|Any CPU
		{9179F3E6-6C77-475F-91DA-B06E85E3650E}.Release|Any CPU.ActiveCfg = Release|Any CPU
		{9179F3E6-6C77-475F-91DA-B06E85E3650E}.Release|Any CPU.Build.0 = Release|Any CPU
		{63750220-453F-44BB-A3B2-43689405170F}.Debug|Any CPU.ActiveCfg = Debug|Any CPU
		{63750220-453F-44BB-A3B2-43689405170F}.Debug|Any CPU.Build.0 = Debug|Any CPU
		{63750220-453F-44BB-A3B2-43689405170F}.Release|Any CPU.ActiveCfg = Release|Any CPU
		{63750220-453F-44BB-A3B2-43689405170F}.Release|Any CPU.Build.0 = Release|Any CPU
		{57C8EBB9-B351-4C56-89C8-C03F8577F7D0}.Debug|Any CPU.ActiveCfg = Debug|Any CPU
		{57C8EBB9-B351-4C56-89C8-C03F8577F7D0}.Debug|Any CPU.Build.0 = Debug|Any CPU
		{57C8EBB9-B351-4C56-89C8-C03F8577F7D0}.Release|Any CPU.ActiveCfg = Release|Any CPU
		{57C8EBB9-B351-4C56-89C8-C03F8577F7D0}.Release|Any CPU.Build.0 = Release|Any CPU
	EndGlobalSection
	GlobalSection(SolutionProperties) = preSolution
		HideSolutionNode = FALSE
	EndGlobalSection
	GlobalSection(ExtensibilityGlobals) = postSolution
		SolutionGuid = {B90401C4-6C4B-4F6E-92D4-C20153EA79A1}
	EndGlobalSection
EndGlobal
